
Microsoft Visual Studio Solution File, Format Version 12.00
# Visual Studio Version 16
VisualStudioVersion = 16.0.31515.178
MinimumVisualStudioVersion = 10.0.40219.1
Project("{9A19103F-16F7-4668-BE54-9A1E7A4F7556}") = "cChat.Portal", "cChat\cChat.Portal.csproj", "{4BB09333-A037-4D2F-AC80-B9DBD684200D}"
EndProject
Project("{9A19103F-16F7-4668-BE54-9A1E7A4F7556}") = "cChat.Data", "cChat.Data\cChat.Data.csproj", "{A8838C0B-742A-4D9E-9882-101942482062}"
EndProject
Project("{9A19103F-16F7-4668-BE54-9A1E7A4F7556}") = "cChat.BusinessLogic", "cChat.BusinessLogic\cChat.BusinessLogic.csproj", "{7F64057A-D69D-4864-85A9-D9F8FF0CAFF2}"
EndProject
Project("{9A19103F-16F7-4668-BE54-9A1E7A4F7556}") = "cChat.Core", "cChat.Core\cChat.Core.csproj", "{6AD5F68E-FF5A-47CC-BFFE-976B11B870CC}"
EndProject
Project("{9A19103F-16F7-4668-BE54-9A1E7A4F7556}") = "cChat.Bots", "cChat.Bots\cChat.Bots.csproj", "{8297B771-777A-41F8-895D-072D00B4D623}"
EndProject
Project("{9A19103F-16F7-4668-BE54-9A1E7A4F7556}") = "cChat.Tests", "cChat.Tests\cChat.Tests.csproj", "{EC1CAB9A-EFEE-429A-BCA2-88C010026D73}"
EndProject
Global
	GlobalSection(SolutionConfigurationPlatforms) = preSolution
		Debug|Any CPU = Debug|Any CPU
		Release|Any CPU = Release|Any CPU
	EndGlobalSection
	GlobalSection(ProjectConfigurationPlatforms) = postSolution
		{4BB09333-A037-4D2F-AC80-B9DBD684200D}.Debug|Any CPU.ActiveCfg = Debug|Any CPU
		{4BB09333-A037-4D2F-AC80-B9DBD684200D}.Debug|Any CPU.Build.0 = Debug|Any CPU
		{4BB09333-A037-4D2F-AC80-B9DBD684200D}.Release|Any CPU.ActiveCfg = Release|Any CPU
		{4BB09333-A037-4D2F-AC80-B9DBD684200D}.Release|Any CPU.Build.0 = Release|Any CPU
		{A8838C0B-742A-4D9E-9882-101942482062}.Debug|Any CPU.ActiveCfg = Debug|Any CPU
		{A8838C0B-742A-4D9E-9882-101942482062}.Debug|Any CPU.Build.0 = Debug|Any CPU
		{A8838C0B-742A-4D9E-9882-101942482062}.Release|Any CPU.ActiveCfg = Release|Any CPU
		{A8838C0B-742A-4D9E-9882-101942482062}.Release|Any CPU.Build.0 = Release|Any CPU
		{7F64057A-D69D-4864-85A9-D9F8FF0CAFF2}.Debug|Any CPU.ActiveCfg = Debug|Any CPU
		{7F64057A-D69D-4864-85A9-D9F8FF0CAFF2}.Debug|Any CPU.Build.0 = Debug|Any CPU
		{7F64057A-D69D-4864-85A9-D9F8FF0CAFF2}.Release|Any CPU.ActiveCfg = Release|Any CPU
		{7F64057A-D69D-4864-85A9-D9F8FF0CAFF2}.Release|Any CPU.Build.0 = Release|Any CPU
		{6AD5F68E-FF5A-47CC-BFFE-976B11B870CC}.Debug|Any CPU.ActiveCfg = Debug|Any CPU
		{6AD5F68E-FF5A-47CC-BFFE-976B11B870CC}.Debug|Any CPU.Build.0 = Debug|Any CPU
		{6AD5F68E-FF5A-47CC-BFFE-976B11B870CC}.Release|Any CPU.ActiveCfg = Release|Any CPU
		{6AD5F68E-FF5A-47CC-BFFE-976B11B870CC}.Release|Any CPU.Build.0 = Release|Any CPU
		{8297B771-777A-41F8-895D-072D00B4D623}.Debug|Any CPU.ActiveCfg = Debug|Any CPU
		{8297B771-777A-41F8-895D-072D00B4D623}.Debug|Any CPU.Build.0 = Debug|Any CPU
		{8297B771-777A-41F8-895D-072D00B4D623}.Release|Any CPU.ActiveCfg = Release|Any CPU
		{8297B771-777A-41F8-895D-072D00B4D623}.Release|Any CPU.Build.0 = Release|Any CPU
		{EC1CAB9A-EFEE-429A-BCA2-88C010026D73}.Debug|Any CPU.ActiveCfg = Debug|Any CPU
		{EC1CAB9A-EFEE-429A-BCA2-88C010026D73}.Debug|Any CPU.Build.0 = Debug|Any CPU
		{EC1CAB9A-EFEE-429A-BCA2-88C010026D73}.Release|Any CPU.ActiveCfg = Release|Any CPU
		{EC1CAB9A-EFEE-429A-BCA2-88C010026D73}.Release|Any CPU.Build.0 = Release|Any CPU
	EndGlobalSection
	GlobalSection(SolutionProperties) = preSolution
		HideSolutionNode = FALSE
	EndGlobalSection
	GlobalSection(ExtensibilityGlobals) = postSolution
		SolutionGuid = {2AB6A798-2631-41E3-A277-FE3C995D15DF}
	EndGlobalSection
EndGlobal
